
Microsoft Visual Studio Solution File, Format Version 12.00
# Visual Studio 2013
VisualStudioVersion = 12.0.31101.0
MinimumVisualStudioVersion = 10.0.40219.1
Project("{2150E333-8FDC-42A3-9474-1A3956D46DE8}") = "Libraries", "Libraries", "{E4ACA93B-D3DE-4557-B069-F1DB42925A4B}"
EndProject
Project("{2150E333-8FDC-42A3-9474-1A3956D46DE8}") = "Presentation", "Presentation", "{B09156FB-8291-46A2-AF37-67CE97CFB5A6}"
EndProject
Project("{2150E333-8FDC-42A3-9474-1A3956D46DE8}") = "Tests", "Tests", "{A340B280-C12B-47E7-90B7-89C650F8AAFC}"
EndProject
Project("{2150E333-8FDC-42A3-9474-1A3956D46DE8}") = "Plugins", "Plugins", "{7881B112-7843-4542-B1F7-F99553FB9BB7}"
EndProject
Project("{FAE04EC0-301F-11D3-BF4B-00C04F79EFBC}") = "Nop.Web", "Presentation\Nop.Web\Nop.Web.csproj", "{4F1F649C-1020-45BE-A487-F416D9297FF3}"
EndProject
Project("{FAE04EC0-301F-11D3-BF4B-00C04F79EFBC}") = "Nop.Core", "Libraries\Nop.Core\Nop.Core.csproj", "{6BDA8332-939F-45B7-A25E-7A797260AE59}"
EndProject
Project("{FAE04EC0-301F-11D3-BF4B-00C04F79EFBC}") = "Nop.Data", "Libraries\Nop.Data\Nop.Data.csproj", "{CCD7F2C9-6A2C-4CF0-8E89-076B8FC0F144}"
EndProject
Project("{FAE04EC0-301F-11D3-BF4B-00C04F79EFBC}") = "Nop.Services", "Libraries\Nop.Services\Nop.Services.csproj", "{210541AD-F659-47DA-8763-16F36C5CD2F4}"
EndProject
Project("{FAE04EC0-301F-11D3-BF4B-00C04F79EFBC}") = "Nop.Data.Tests", "Tests\Nop.Data.Tests\Nop.Data.Tests.csproj", "{0D303E2D-0367-4F66-AC03-F1658FBBB24D}"
EndProject
Project("{FAE04EC0-301F-11D3-BF4B-00C04F79EFBC}") = "Nop.Services.Tests", "Tests\Nop.Services.Tests\Nop.Services.Tests.csproj", "{5DCBE5B1-1A02-48E7-9853-5FCEF2A36805}"
EndProject
Project("{FAE04EC0-301F-11D3-BF4B-00C04F79EFBC}") = "Nop.Core.Tests", "Tests\Nop.Core.Tests\Nop.Core.Tests.csproj", "{7A9BDC6A-F880-43D5-9B2A-59C1674CE449}"
EndProject
Project("{FAE04EC0-301F-11D3-BF4B-00C04F79EFBC}") = "Nop.Tests", "Tests\Nop.Tests\Nop.Tests.csproj", "{1D9EB579-3630-468A-BE94-49E7DF4F6E1D}"
EndProject
Project("{FAE04EC0-301F-11D3-BF4B-00C04F79EFBC}") = "Nop.Plugin.Tax.FixedRate", "Plugins\Nop.Plugin.Tax.FixedRate\Nop.Plugin.Tax.FixedRate.csproj", "{60E882EA-9ACB-4EFE-82A0-8FB1F5884B04}"
EndProject
Project("{FAE04EC0-301F-11D3-BF4B-00C04F79EFBC}") = "Nop.Plugin.Shipping.AustraliaPost", "Plugins\Nop.Plugin.Shipping.AustraliaPost\Nop.Plugin.Shipping.AustraliaPost.csproj", "{767CED15-6A9B-433C-9F69-DABA80920C74}"
EndProject
Project("{FAE04EC0-301F-11D3-BF4B-00C04F79EFBC}") = "Nop.Plugin.Shipping.FixedRateShipping", "Plugins\Nop.Plugin.Shipping.FixedRateShipping\Nop.Plugin.Shipping.FixedRateShipping.csproj", "{2DCB7949-24C2-49C7-872C-C948E43717E7}"
EndProject
Project("{FAE04EC0-301F-11D3-BF4B-00C04F79EFBC}") = "Nop.Plugin.DiscountRules.CustomerRoles", "Plugins\Nop.Plugin.DiscountRules.CustomerRoles\Nop.Plugin.DiscountRules.CustomerRoles.csproj", "{D28CAD64-4C88-48CB-8AA4-10B7D050BE56}"
EndProject
Project("{FAE04EC0-301F-11D3-BF4B-00C04F79EFBC}") = "Nop.Web.MVC.Tests", "Tests\Nop.Web.MVC.Tests\Nop.Web.MVC.Tests.csproj", "{57718244-1B22-4637-9DBF-F5D8E460FC95}"
EndProject
Project("{FAE04EC0-301F-11D3-BF4B-00C04F79EFBC}") = "Nop.Plugin.SMS.Verizon", "Plugins\Nop.Plugin.SMS.Verizon\Nop.Plugin.SMS.Verizon.csproj", "{84F19CC3-88BF-4854-A7EF-47CFD39F8DC7}"
EndProject
Project("{FAE04EC0-301F-11D3-BF4B-00C04F79EFBC}") = "Nop.Plugin.Payments.Manual", "Plugins\Nop.Plugin.Payments.Manual\Nop.Plugin.Payments.Manual.csproj", "{9A7B9344-6AD0-4828-876D-0BF14C177148}"
EndProject
Project("{FAE04EC0-301F-11D3-BF4B-00C04F79EFBC}") = "Nop.Plugin.DiscountRules.HadSpentAmount", "Plugins\Nop.Plugin.DiscountRules.HadSpentAmount\Nop.Plugin.DiscountRules.HadSpentAmount.csproj", "{C4FFB99C-8A99-47E2-B863-3586AE2CF9C9}"
EndProject
Project("{FAE04EC0-301F-11D3-BF4B-00C04F79EFBC}") = "Nop.Web.Framework", "Presentation\Nop.Web.Framework\Nop.Web.Framework.csproj", "{75FD4163-333C-4DD5-854D-2EF294E45D94}"
EndProject
Project("{FAE04EC0-301F-11D3-BF4B-00C04F79EFBC}") = "Nop.Admin", "Presentation\Nop.Web\Administration\Nop.Admin.csproj", "{152C761A-DD2E-4C1F-AF89-DFB2547A3BCA}"
EndProject
Project("{FAE04EC0-301F-11D3-BF4B-00C04F79EFBC}") = "Nop.Plugin.Feed.Froogle", "Plugins\Nop.Plugin.Feed.Froogle\Nop.Plugin.Feed.Froogle.csproj", "{965A02F0-FC84-4AC4-91E4-79EADFC1CA9D}"
EndProject
Project("{FAE04EC0-301F-11D3-BF4B-00C04F79EFBC}") = "Nop.Plugin.Tax.CountryStateZip", "Plugins\Nop.Plugin.Tax.CountryStateZip\Nop.Plugin.Tax.CountryStateZip.csproj", "{493761CB-5190-4283-8C6C-A8CEB5450CAB}"
EndProject
Project("{FAE04EC0-301F-11D3-BF4B-00C04F79EFBC}") = "Nop.Plugin.DiscountRules.HasAllProducts", "Plugins\Nop.Plugin.DiscountRules.HasAllProducts\Nop.Plugin.DiscountRules.HasAllProducts.csproj", "{36261AB6-2FD4-4BDA-A941-AF4CC18C21E5}"
EndProject
Project("{FAE04EC0-301F-11D3-BF4B-00C04F79EFBC}") = "Nop.Plugin.DiscountRules.HasOneProduct", "Plugins\Nop.Plugin.DiscountRules.HasOneProduct\Nop.Plugin.DiscountRules.HasOneProduct.csproj", "{5B956174-04FA-4E95-AA00-3736630FEEFB}"
EndProject
Project("{FAE04EC0-301F-11D3-BF4B-00C04F79EFBC}") = "Nop.Plugin.Shipping.CanadaPost", "Plugins\Nop.Plugin.Shipping.CanadaPost\Nop.Plugin.Shipping.CanadaPost.csproj", "{D70F1294-BD6C-4B80-ADCB-618655B6C094}"
EndProject
Project("{FAE04EC0-301F-11D3-BF4B-00C04F79EFBC}") = "Nop.Plugin.Shipping.USPS", "Plugins\Nop.Plugin.Shipping.USPS\Nop.Plugin.Shipping.USPS.csproj", "{E8EB218B-C4FE-4F90-85F2-2D95A48B9F28}"
EndProject
Project("{FAE04EC0-301F-11D3-BF4B-00C04F79EFBC}") = "Nop.Plugin.Shipping.UPS", "Plugins\Nop.Plugin.Shipping.UPS\Nop.Plugin.Shipping.UPS.csproj", "{98CA7487-6ADE-4773-BD0A-29255F443236}"
EndProject
Project("{FAE04EC0-301F-11D3-BF4B-00C04F79EFBC}") = "Nop.Plugin.Shipping.Fedex", "Plugins\Nop.Plugin.Shipping.Fedex\Nop.Plugin.Shipping.Fedex.csproj", "{8D73A283-0611-4673-B78A-62F8673F45D9}"
EndProject
Project("{FAE04EC0-301F-11D3-BF4B-00C04F79EFBC}") = "Nop.Plugin.Shipping.ByWeight", "Plugins\Nop.Plugin.Shipping.ByWeight\Nop.Plugin.Shipping.ByWeight.csproj", "{0793FB50-67BB-461E-B961-2F45887464CF}"
EndProject
Project("{FAE04EC0-301F-11D3-BF4B-00C04F79EFBC}") = "Nop.Plugin.Payments.CheckMoneyOrder", "Plugins\Nop.Plugin.Payments.CheckMoneyOrder\Nop.Plugin.Payments.CheckMoneyOrder.csproj", "{5422ED35-2808-4790-B5E6-C86A383B2874}"
EndProject
Project("{FAE04EC0-301F-11D3-BF4B-00C04F79EFBC}") = "Nop.Plugin.Payments.PurchaseOrder", "Plugins\Nop.Plugin.Payments.PurchaseOrder\Nop.Plugin.Payments.PurchaseOrder.csproj", "{65285681-E664-4F67-BB02-4D230D11BBDD}"
EndProject
Project("{FAE04EC0-301F-11D3-BF4B-00C04F79EFBC}") = "Nop.Plugin.Payments.AuthorizeNet", "Plugins\Nop.Plugin.Payments.AuthorizeNet\Nop.Plugin.Payments.AuthorizeNet.csproj", "{9DEA9410-1378-4DD9-ACB5-0219E230ADC8}"
EndProject
Project("{FAE04EC0-301F-11D3-BF4B-00C04F79EFBC}") = "Nop.Plugin.Payments.PayPalStandard", "Plugins\Nop.Plugin.Payments.PayPalStandard\Nop.Plugin.Payments.PayPalStandard.csproj", "{5979DBFD-8471-4DF5-A0FD-96F6768205AA}"
EndProject
Project("{FAE04EC0-301F-11D3-BF4B-00C04F79EFBC}") = "Nop.Plugin.Payments.PayPalDirect", "Plugins\Nop.Plugin.Payments.PayPalDirect\Nop.Plugin.Payments.PayPalDirect.csproj", "{83235353-0D04-4028-82B2-81116E7361DA}"
EndProject
Project("{FAE04EC0-301F-11D3-BF4B-00C04F79EFBC}") = "Nop.Plugin.ExchangeRate.McExchange", "Plugins\Nop.Plugin.ExchangeRate.McExchange\Nop.Plugin.ExchangeRate.McExchange.csproj", "{D449B6D7-8670-4081-B729-A40DF88B8699}"
EndProject
Project("{FAE04EC0-301F-11D3-BF4B-00C04F79EFBC}") = "Nop.Plugin.Widgets.GoogleAnalytics", "Plugins\Nop.Plugin.Widgets.GoogleAnalytics\Nop.Plugin.Widgets.GoogleAnalytics.csproj", "{C2B83AF5-80F6-4B8C-8628-FA7DE10C3BB5}"
EndProject
Project("{FAE04EC0-301F-11D3-BF4B-00C04F79EFBC}") = "Nop.Plugin.ExternalAuth.Facebook", "Plugins\Nop.Plugin.ExternalAuth.Facebook\Nop.Plugin.ExternalAuth.Facebook.csproj", "{446FED73-BCA1-4D8F-BC13-EA1507C7EF29}"
EndProject
Project("{FAE04EC0-301F-11D3-BF4B-00C04F79EFBC}") = "Nop.Plugin.Misc.WebServices", "Plugins\Nop.Plugin.Misc.WebServices\Nop.Plugin.Misc.WebServices.csproj", "{E9253D76-D037-4C53-9B91-EC6EB7EE1A2C}"
EndProject
Project("{FAE04EC0-301F-11D3-BF4B-00C04F79EFBC}") = "Nop.Plugin.Widgets.NivoSlider", "Plugins\Nop.Plugin.Widgets.NivoSlider\Nop.Plugin.Widgets.NivoSlider.csproj", "{9978B382-0BCD-4621-B6B5-52E0E3B5F464}"
EndProject
Project("{FAE04EC0-301F-11D3-BF4B-00C04F79EFBC}") = "Nop.Plugin.Misc.FacebookShop", "Plugins\Nop.Plugin.Misc.FacebookShop\Nop.Plugin.Misc.FacebookShop.csproj", "{6216A5CA-8599-4B53-8E70-F21CC6D4273C}"
EndProject
Project("{FAE04EC0-301F-11D3-BF4B-00C04F79EFBC}") = "ClientDecisionService", "..\decision\ClientDecisionService\ClientDecisionService.csproj", "{140FCD6F-077F-432D-A9E4-0D63B5DACD93}"
EndProject
Project("{8BC9CEB8-8B4A-11D0-8D11-00A0C91BC942}") = "explore_clr", "..\decision\explore\clr\explore_clr.vcxproj", "{8400DA16-1F46-4A31-A126-BBE16F62BFD7}"
EndProject
Project("{8BC9CEB8-8B4A-11D0-8D11-00A0C91BC942}") = "explore_static", "..\decision\explore\static\explore_static.vcxproj", "{ACE47E98-488C-4CDF-B9F1-36337B2855AD}"
EndProject
Project("{2150E333-8FDC-42A3-9474-1A3956D46DE8}") = ".nuget", ".nuget", "{48F24A76-957B-42FD-8E6E-02B7AFE80AC7}"
	ProjectSection(SolutionItems) = preProject
		.nuget\NuGet.Config = .nuget\NuGet.Config
		.nuget\NuGet.exe = .nuget\NuGet.exe
		.nuget\NuGet.targets = .nuget\NuGet.targets
	EndProjectSection
EndProject
Global
	GlobalSection(SolutionConfigurationPlatforms) = preSolution
		Debug|x64 = Debug|x64
		Release|x64 = Release|x64
	EndGlobalSection
	GlobalSection(ProjectConfigurationPlatforms) = postSolution
		{4F1F649C-1020-45BE-A487-F416D9297FF3}.Debug|x64.ActiveCfg = Debug|x64
		{4F1F649C-1020-45BE-A487-F416D9297FF3}.Debug|x64.Build.0 = Debug|x64
		{4F1F649C-1020-45BE-A487-F416D9297FF3}.Release|x64.ActiveCfg = Release|x64
		{4F1F649C-1020-45BE-A487-F416D9297FF3}.Release|x64.Build.0 = Release|x64
		{6BDA8332-939F-45B7-A25E-7A797260AE59}.Debug|x64.ActiveCfg = Debug|x64
		{6BDA8332-939F-45B7-A25E-7A797260AE59}.Debug|x64.Build.0 = Debug|x64
		{6BDA8332-939F-45B7-A25E-7A797260AE59}.Release|x64.ActiveCfg = Release|x64
		{6BDA8332-939F-45B7-A25E-7A797260AE59}.Release|x64.Build.0 = Release|x64
		{CCD7F2C9-6A2C-4CF0-8E89-076B8FC0F144}.Debug|x64.ActiveCfg = Debug|x64
		{CCD7F2C9-6A2C-4CF0-8E89-076B8FC0F144}.Debug|x64.Build.0 = Debug|x64
		{CCD7F2C9-6A2C-4CF0-8E89-076B8FC0F144}.Release|x64.ActiveCfg = Release|x64
		{CCD7F2C9-6A2C-4CF0-8E89-076B8FC0F144}.Release|x64.Build.0 = Release|x64
		{210541AD-F659-47DA-8763-16F36C5CD2F4}.Debug|x64.ActiveCfg = Debug|x64
		{210541AD-F659-47DA-8763-16F36C5CD2F4}.Debug|x64.Build.0 = Debug|x64
		{210541AD-F659-47DA-8763-16F36C5CD2F4}.Release|x64.ActiveCfg = Release|x64
		{210541AD-F659-47DA-8763-16F36C5CD2F4}.Release|x64.Build.0 = Release|x64
		{0D303E2D-0367-4F66-AC03-F1658FBBB24D}.Debug|x64.ActiveCfg = Debug|x64
		{0D303E2D-0367-4F66-AC03-F1658FBBB24D}.Debug|x64.Build.0 = Debug|x64
		{0D303E2D-0367-4F66-AC03-F1658FBBB24D}.Release|x64.ActiveCfg = Release|x64
		{0D303E2D-0367-4F66-AC03-F1658FBBB24D}.Release|x64.Build.0 = Release|x64
		{5DCBE5B1-1A02-48E7-9853-5FCEF2A36805}.Debug|x64.ActiveCfg = Debug|x64
		{5DCBE5B1-1A02-48E7-9853-5FCEF2A36805}.Debug|x64.Build.0 = Debug|x64
		{5DCBE5B1-1A02-48E7-9853-5FCEF2A36805}.Release|x64.ActiveCfg = Release|x64
		{5DCBE5B1-1A02-48E7-9853-5FCEF2A36805}.Release|x64.Build.0 = Release|x64
		{7A9BDC6A-F880-43D5-9B2A-59C1674CE449}.Debug|x64.ActiveCfg = Debug|x64
		{7A9BDC6A-F880-43D5-9B2A-59C1674CE449}.Debug|x64.Build.0 = Debug|x64
		{7A9BDC6A-F880-43D5-9B2A-59C1674CE449}.Release|x64.ActiveCfg = Release|x64
		{7A9BDC6A-F880-43D5-9B2A-59C1674CE449}.Release|x64.Build.0 = Release|x64
		{1D9EB579-3630-468A-BE94-49E7DF4F6E1D}.Debug|x64.ActiveCfg = Debug|x64
		{1D9EB579-3630-468A-BE94-49E7DF4F6E1D}.Debug|x64.Build.0 = Debug|x64
		{1D9EB579-3630-468A-BE94-49E7DF4F6E1D}.Release|x64.ActiveCfg = Release|x64
		{1D9EB579-3630-468A-BE94-49E7DF4F6E1D}.Release|x64.Build.0 = Release|x64
		{60E882EA-9ACB-4EFE-82A0-8FB1F5884B04}.Debug|x64.ActiveCfg = Debug|x64
		{60E882EA-9ACB-4EFE-82A0-8FB1F5884B04}.Debug|x64.Build.0 = Debug|x64
		{60E882EA-9ACB-4EFE-82A0-8FB1F5884B04}.Release|x64.ActiveCfg = Release|x64
		{60E882EA-9ACB-4EFE-82A0-8FB1F5884B04}.Release|x64.Build.0 = Release|x64
		{767CED15-6A9B-433C-9F69-DABA80920C74}.Debug|x64.ActiveCfg = Debug|x64
		{767CED15-6A9B-433C-9F69-DABA80920C74}.Debug|x64.Build.0 = Debug|x64
		{767CED15-6A9B-433C-9F69-DABA80920C74}.Release|x64.ActiveCfg = Release|x64
		{767CED15-6A9B-433C-9F69-DABA80920C74}.Release|x64.Build.0 = Release|x64
		{2DCB7949-24C2-49C7-872C-C948E43717E7}.Debug|x64.ActiveCfg = Debug|x64
		{2DCB7949-24C2-49C7-872C-C948E43717E7}.Debug|x64.Build.0 = Debug|x64
		{2DCB7949-24C2-49C7-872C-C948E43717E7}.Release|x64.ActiveCfg = Release|x64
		{2DCB7949-24C2-49C7-872C-C948E43717E7}.Release|x64.Build.0 = Release|x64
		{D28CAD64-4C88-48CB-8AA4-10B7D050BE56}.Debug|x64.ActiveCfg = Debug|x64
		{D28CAD64-4C88-48CB-8AA4-10B7D050BE56}.Debug|x64.Build.0 = Debug|x64
		{D28CAD64-4C88-48CB-8AA4-10B7D050BE56}.Release|x64.ActiveCfg = Release|x64
		{D28CAD64-4C88-48CB-8AA4-10B7D050BE56}.Release|x64.Build.0 = Release|x64
		{57718244-1B22-4637-9DBF-F5D8E460FC95}.Debug|x64.ActiveCfg = Debug|x64
		{57718244-1B22-4637-9DBF-F5D8E460FC95}.Debug|x64.Build.0 = Debug|x64
		{57718244-1B22-4637-9DBF-F5D8E460FC95}.Release|x64.ActiveCfg = Release|x64
		{57718244-1B22-4637-9DBF-F5D8E460FC95}.Release|x64.Build.0 = Release|x64
		{84F19CC3-88BF-4854-A7EF-47CFD39F8DC7}.Debug|x64.ActiveCfg = Debug|x64
		{84F19CC3-88BF-4854-A7EF-47CFD39F8DC7}.Debug|x64.Build.0 = Debug|x64
		{84F19CC3-88BF-4854-A7EF-47CFD39F8DC7}.Release|x64.ActiveCfg = Release|x64
		{84F19CC3-88BF-4854-A7EF-47CFD39F8DC7}.Release|x64.Build.0 = Release|x64
		{9A7B9344-6AD0-4828-876D-0BF14C177148}.Debug|x64.ActiveCfg = Debug|x64
		{9A7B9344-6AD0-4828-876D-0BF14C177148}.Debug|x64.Build.0 = Debug|x64
		{9A7B9344-6AD0-4828-876D-0BF14C177148}.Release|x64.ActiveCfg = Release|x64
		{9A7B9344-6AD0-4828-876D-0BF14C177148}.Release|x64.Build.0 = Release|x64
		{C4FFB99C-8A99-47E2-B863-3586AE2CF9C9}.Debug|x64.ActiveCfg = Debug|x64
		{C4FFB99C-8A99-47E2-B863-3586AE2CF9C9}.Debug|x64.Build.0 = Debug|x64
		{C4FFB99C-8A99-47E2-B863-3586AE2CF9C9}.Release|x64.ActiveCfg = Release|x64
		{C4FFB99C-8A99-47E2-B863-3586AE2CF9C9}.Release|x64.Build.0 = Release|x64
		{75FD4163-333C-4DD5-854D-2EF294E45D94}.Debug|x64.ActiveCfg = Debug|x64
		{75FD4163-333C-4DD5-854D-2EF294E45D94}.Debug|x64.Build.0 = Debug|x64
		{75FD4163-333C-4DD5-854D-2EF294E45D94}.Release|x64.ActiveCfg = Release|x64
		{75FD4163-333C-4DD5-854D-2EF294E45D94}.Release|x64.Build.0 = Release|x64
		{152C761A-DD2E-4C1F-AF89-DFB2547A3BCA}.Debug|x64.ActiveCfg = Debug|x64
		{152C761A-DD2E-4C1F-AF89-DFB2547A3BCA}.Debug|x64.Build.0 = Debug|x64
		{152C761A-DD2E-4C1F-AF89-DFB2547A3BCA}.Release|x64.ActiveCfg = Release|x64
		{152C761A-DD2E-4C1F-AF89-DFB2547A3BCA}.Release|x64.Build.0 = Release|x64
		{965A02F0-FC84-4AC4-91E4-79EADFC1CA9D}.Debug|x64.ActiveCfg = Debug|x64
		{965A02F0-FC84-4AC4-91E4-79EADFC1CA9D}.Debug|x64.Build.0 = Debug|x64
		{965A02F0-FC84-4AC4-91E4-79EADFC1CA9D}.Release|x64.ActiveCfg = Release|x64
		{965A02F0-FC84-4AC4-91E4-79EADFC1CA9D}.Release|x64.Build.0 = Release|x64
		{493761CB-5190-4283-8C6C-A8CEB5450CAB}.Debug|x64.ActiveCfg = Debug|x64
		{493761CB-5190-4283-8C6C-A8CEB5450CAB}.Debug|x64.Build.0 = Debug|x64
		{493761CB-5190-4283-8C6C-A8CEB5450CAB}.Release|x64.ActiveCfg = Release|x64
		{493761CB-5190-4283-8C6C-A8CEB5450CAB}.Release|x64.Build.0 = Release|x64
		{36261AB6-2FD4-4BDA-A941-AF4CC18C21E5}.Debug|x64.ActiveCfg = Debug|x64
		{36261AB6-2FD4-4BDA-A941-AF4CC18C21E5}.Debug|x64.Build.0 = Debug|x64
		{36261AB6-2FD4-4BDA-A941-AF4CC18C21E5}.Release|x64.ActiveCfg = Release|x64
		{36261AB6-2FD4-4BDA-A941-AF4CC18C21E5}.Release|x64.Build.0 = Release|x64
		{5B956174-04FA-4E95-AA00-3736630FEEFB}.Debug|x64.ActiveCfg = Debug|x64
		{5B956174-04FA-4E95-AA00-3736630FEEFB}.Debug|x64.Build.0 = Debug|x64
		{5B956174-04FA-4E95-AA00-3736630FEEFB}.Release|x64.ActiveCfg = Release|x64
		{5B956174-04FA-4E95-AA00-3736630FEEFB}.Release|x64.Build.0 = Release|x64
		{D70F1294-BD6C-4B80-ADCB-618655B6C094}.Debug|x64.ActiveCfg = Debug|x64
		{D70F1294-BD6C-4B80-ADCB-618655B6C094}.Debug|x64.Build.0 = Debug|x64
		{D70F1294-BD6C-4B80-ADCB-618655B6C094}.Release|x64.ActiveCfg = Release|x64
		{D70F1294-BD6C-4B80-ADCB-618655B6C094}.Release|x64.Build.0 = Release|x64
		{E8EB218B-C4FE-4F90-85F2-2D95A48B9F28}.Debug|x64.ActiveCfg = Debug|x64
		{E8EB218B-C4FE-4F90-85F2-2D95A48B9F28}.Debug|x64.Build.0 = Debug|x64
		{E8EB218B-C4FE-4F90-85F2-2D95A48B9F28}.Release|x64.ActiveCfg = Release|x64
		{E8EB218B-C4FE-4F90-85F2-2D95A48B9F28}.Release|x64.Build.0 = Release|x64
		{98CA7487-6ADE-4773-BD0A-29255F443236}.Debug|x64.ActiveCfg = Debug|x64
		{98CA7487-6ADE-4773-BD0A-29255F443236}.Debug|x64.Build.0 = Debug|x64
		{98CA7487-6ADE-4773-BD0A-29255F443236}.Release|x64.ActiveCfg = Release|x64
		{98CA7487-6ADE-4773-BD0A-29255F443236}.Release|x64.Build.0 = Release|x64
		{8D73A283-0611-4673-B78A-62F8673F45D9}.Debug|x64.ActiveCfg = Debug|x64
		{8D73A283-0611-4673-B78A-62F8673F45D9}.Debug|x64.Build.0 = Debug|x64
		{8D73A283-0611-4673-B78A-62F8673F45D9}.Release|x64.ActiveCfg = Release|x64
		{8D73A283-0611-4673-B78A-62F8673F45D9}.Release|x64.Build.0 = Release|x64
		{0793FB50-67BB-461E-B961-2F45887464CF}.Debug|x64.ActiveCfg = Debug|x64
		{0793FB50-67BB-461E-B961-2F45887464CF}.Debug|x64.Build.0 = Debug|x64
		{0793FB50-67BB-461E-B961-2F45887464CF}.Release|x64.ActiveCfg = Release|x64
		{0793FB50-67BB-461E-B961-2F45887464CF}.Release|x64.Build.0 = Release|x64
		{5422ED35-2808-4790-B5E6-C86A383B2874}.Debug|x64.ActiveCfg = Debug|x64
		{5422ED35-2808-4790-B5E6-C86A383B2874}.Debug|x64.Build.0 = Debug|x64
		{5422ED35-2808-4790-B5E6-C86A383B2874}.Release|x64.ActiveCfg = Release|x64
		{5422ED35-2808-4790-B5E6-C86A383B2874}.Release|x64.Build.0 = Release|x64
		{65285681-E664-4F67-BB02-4D230D11BBDD}.Debug|x64.ActiveCfg = Debug|x64
		{65285681-E664-4F67-BB02-4D230D11BBDD}.Debug|x64.Build.0 = Debug|x64
		{65285681-E664-4F67-BB02-4D230D11BBDD}.Release|x64.ActiveCfg = Release|x64
		{65285681-E664-4F67-BB02-4D230D11BBDD}.Release|x64.Build.0 = Release|x64
		{9DEA9410-1378-4DD9-ACB5-0219E230ADC8}.Debug|x64.ActiveCfg = Debug|x64
		{9DEA9410-1378-4DD9-ACB5-0219E230ADC8}.Debug|x64.Build.0 = Debug|x64
		{9DEA9410-1378-4DD9-ACB5-0219E230ADC8}.Release|x64.ActiveCfg = Release|x64
		{9DEA9410-1378-4DD9-ACB5-0219E230ADC8}.Release|x64.Build.0 = Release|x64
		{5979DBFD-8471-4DF5-A0FD-96F6768205AA}.Debug|x64.ActiveCfg = Debug|x64
		{5979DBFD-8471-4DF5-A0FD-96F6768205AA}.Debug|x64.Build.0 = Debug|x64
		{5979DBFD-8471-4DF5-A0FD-96F6768205AA}.Release|x64.ActiveCfg = Release|x64
		{5979DBFD-8471-4DF5-A0FD-96F6768205AA}.Release|x64.Build.0 = Release|x64
		{83235353-0D04-4028-82B2-81116E7361DA}.Debug|x64.ActiveCfg = Debug|x64
		{83235353-0D04-4028-82B2-81116E7361DA}.Debug|x64.Build.0 = Debug|x64
		{83235353-0D04-4028-82B2-81116E7361DA}.Release|x64.ActiveCfg = Release|x64
		{83235353-0D04-4028-82B2-81116E7361DA}.Release|x64.Build.0 = Release|x64
		{D449B6D7-8670-4081-B729-A40DF88B8699}.Debug|x64.ActiveCfg = Debug|x64
		{D449B6D7-8670-4081-B729-A40DF88B8699}.Debug|x64.Build.0 = Debug|x64
		{D449B6D7-8670-4081-B729-A40DF88B8699}.Release|x64.ActiveCfg = Release|x64
		{D449B6D7-8670-4081-B729-A40DF88B8699}.Release|x64.Build.0 = Release|x64
		{C2B83AF5-80F6-4B8C-8628-FA7DE10C3BB5}.Debug|x64.ActiveCfg = Debug|x64
		{C2B83AF5-80F6-4B8C-8628-FA7DE10C3BB5}.Debug|x64.Build.0 = Debug|x64
		{C2B83AF5-80F6-4B8C-8628-FA7DE10C3BB5}.Release|x64.ActiveCfg = Release|x64
		{C2B83AF5-80F6-4B8C-8628-FA7DE10C3BB5}.Release|x64.Build.0 = Release|x64
		{446FED73-BCA1-4D8F-BC13-EA1507C7EF29}.Debug|x64.ActiveCfg = Debug|x64
		{446FED73-BCA1-4D8F-BC13-EA1507C7EF29}.Debug|x64.Build.0 = Debug|x64
		{446FED73-BCA1-4D8F-BC13-EA1507C7EF29}.Release|x64.ActiveCfg = Release|x64
		{446FED73-BCA1-4D8F-BC13-EA1507C7EF29}.Release|x64.Build.0 = Release|x64
		{E9253D76-D037-4C53-9B91-EC6EB7EE1A2C}.Debug|x64.ActiveCfg = Debug|x64
		{E9253D76-D037-4C53-9B91-EC6EB7EE1A2C}.Debug|x64.Build.0 = Debug|x64
		{E9253D76-D037-4C53-9B91-EC6EB7EE1A2C}.Release|x64.ActiveCfg = Release|x64
		{E9253D76-D037-4C53-9B91-EC6EB7EE1A2C}.Release|x64.Build.0 = Release|x64
		{9978B382-0BCD-4621-B6B5-52E0E3B5F464}.Debug|x64.ActiveCfg = Debug|x64
		{9978B382-0BCD-4621-B6B5-52E0E3B5F464}.Debug|x64.Build.0 = Debug|x64
		{9978B382-0BCD-4621-B6B5-52E0E3B5F464}.Release|x64.ActiveCfg = Release|x64
		{9978B382-0BCD-4621-B6B5-52E0E3B5F464}.Release|x64.Build.0 = Release|x64
		{6216A5CA-8599-4B53-8E70-F21CC6D4273C}.Debug|x64.ActiveCfg = Debug|x64
		{6216A5CA-8599-4B53-8E70-F21CC6D4273C}.Debug|x64.Build.0 = Debug|x64
		{6216A5CA-8599-4B53-8E70-F21CC6D4273C}.Release|x64.ActiveCfg = Release|x64
		{6216A5CA-8599-4B53-8E70-F21CC6D4273C}.Release|x64.Build.0 = Release|x64
		{140FCD6F-077F-432D-A9E4-0D63B5DACD93}.Debug|x64.ActiveCfg = Debug|x64
		{140FCD6F-077F-432D-A9E4-0D63B5DACD93}.Debug|x64.Build.0 = Debug|x64
		{140FCD6F-077F-432D-A9E4-0D63B5DACD93}.Release|x64.ActiveCfg = Release|x64
		{140FCD6F-077F-432D-A9E4-0D63B5DACD93}.Release|x64.Build.0 = Release|x64
		{8400DA16-1F46-4A31-A126-BBE16F62BFD7}.Debug|x64.ActiveCfg = Debug|x64
		{8400DA16-1F46-4A31-A126-BBE16F62BFD7}.Debug|x64.Build.0 = Debug|x64
		{8400DA16-1F46-4A31-A126-BBE16F62BFD7}.Release|x64.ActiveCfg = Release|x64
		{8400DA16-1F46-4A31-A126-BBE16F62BFD7}.Release|x64.Build.0 = Release|x64
		{ACE47E98-488C-4CDF-B9F1-36337B2855AD}.Debug|x64.ActiveCfg = Debug|x64
		{ACE47E98-488C-4CDF-B9F1-36337B2855AD}.Debug|x64.Build.0 = Debug|x64
		{ACE47E98-488C-4CDF-B9F1-36337B2855AD}.Release|x64.ActiveCfg = Release|x64
		{ACE47E98-488C-4CDF-B9F1-36337B2855AD}.Release|x64.Build.0 = Release|x64
	EndGlobalSection
	GlobalSection(SolutionProperties) = preSolution
		HideSolutionNode = FALSE
	EndGlobalSection
	GlobalSection(NestedProjects) = preSolution
		{4F1F649C-1020-45BE-A487-F416D9297FF3} = {B09156FB-8291-46A2-AF37-67CE97CFB5A6}
		{6BDA8332-939F-45B7-A25E-7A797260AE59} = {E4ACA93B-D3DE-4557-B069-F1DB42925A4B}
		{CCD7F2C9-6A2C-4CF0-8E89-076B8FC0F144} = {E4ACA93B-D3DE-4557-B069-F1DB42925A4B}
		{210541AD-F659-47DA-8763-16F36C5CD2F4} = {E4ACA93B-D3DE-4557-B069-F1DB42925A4B}
		{0D303E2D-0367-4F66-AC03-F1658FBBB24D} = {A340B280-C12B-47E7-90B7-89C650F8AAFC}
		{5DCBE5B1-1A02-48E7-9853-5FCEF2A36805} = {A340B280-C12B-47E7-90B7-89C650F8AAFC}
		{7A9BDC6A-F880-43D5-9B2A-59C1674CE449} = {A340B280-C12B-47E7-90B7-89C650F8AAFC}
		{1D9EB579-3630-468A-BE94-49E7DF4F6E1D} = {A340B280-C12B-47E7-90B7-89C650F8AAFC}
		{60E882EA-9ACB-4EFE-82A0-8FB1F5884B04} = {7881B112-7843-4542-B1F7-F99553FB9BB7}
		{767CED15-6A9B-433C-9F69-DABA80920C74} = {7881B112-7843-4542-B1F7-F99553FB9BB7}
		{2DCB7949-24C2-49C7-872C-C948E43717E7} = {7881B112-7843-4542-B1F7-F99553FB9BB7}
		{D28CAD64-4C88-48CB-8AA4-10B7D050BE56} = {7881B112-7843-4542-B1F7-F99553FB9BB7}
		{57718244-1B22-4637-9DBF-F5D8E460FC95} = {A340B280-C12B-47E7-90B7-89C650F8AAFC}
		{84F19CC3-88BF-4854-A7EF-47CFD39F8DC7} = {7881B112-7843-4542-B1F7-F99553FB9BB7}
		{9A7B9344-6AD0-4828-876D-0BF14C177148} = {7881B112-7843-4542-B1F7-F99553FB9BB7}
		{C4FFB99C-8A99-47E2-B863-3586AE2CF9C9} = {7881B112-7843-4542-B1F7-F99553FB9BB7}
		{75FD4163-333C-4DD5-854D-2EF294E45D94} = {B09156FB-8291-46A2-AF37-67CE97CFB5A6}
		{152C761A-DD2E-4C1F-AF89-DFB2547A3BCA} = {B09156FB-8291-46A2-AF37-67CE97CFB5A6}
		{965A02F0-FC84-4AC4-91E4-79EADFC1CA9D} = {7881B112-7843-4542-B1F7-F99553FB9BB7}
		{493761CB-5190-4283-8C6C-A8CEB5450CAB} = {7881B112-7843-4542-B1F7-F99553FB9BB7}
		{36261AB6-2FD4-4BDA-A941-AF4CC18C21E5} = {7881B112-7843-4542-B1F7-F99553FB9BB7}
		{5B956174-04FA-4E95-AA00-3736630FEEFB} = {7881B112-7843-4542-B1F7-F99553FB9BB7}
		{D70F1294-BD6C-4B80-ADCB-618655B6C094} = {7881B112-7843-4542-B1F7-F99553FB9BB7}
		{E8EB218B-C4FE-4F90-85F2-2D95A48B9F28} = {7881B112-7843-4542-B1F7-F99553FB9BB7}
		{98CA7487-6ADE-4773-BD0A-29255F443236} = {7881B112-7843-4542-B1F7-F99553FB9BB7}
		{8D73A283-0611-4673-B78A-62F8673F45D9} = {7881B112-7843-4542-B1F7-F99553FB9BB7}
		{0793FB50-67BB-461E-B961-2F45887464CF} = {7881B112-7843-4542-B1F7-F99553FB9BB7}
		{5422ED35-2808-4790-B5E6-C86A383B2874} = {7881B112-7843-4542-B1F7-F99553FB9BB7}
		{65285681-E664-4F67-BB02-4D230D11BBDD} = {7881B112-7843-4542-B1F7-F99553FB9BB7}
		{9DEA9410-1378-4DD9-ACB5-0219E230ADC8} = {7881B112-7843-4542-B1F7-F99553FB9BB7}
		{5979DBFD-8471-4DF5-A0FD-96F6768205AA} = {7881B112-7843-4542-B1F7-F99553FB9BB7}
		{83235353-0D04-4028-82B2-81116E7361DA} = {7881B112-7843-4542-B1F7-F99553FB9BB7}
		{D449B6D7-8670-4081-B729-A40DF88B8699} = {7881B112-7843-4542-B1F7-F99553FB9BB7}
		{C2B83AF5-80F6-4B8C-8628-FA7DE10C3BB5} = {7881B112-7843-4542-B1F7-F99553FB9BB7}
		{446FED73-BCA1-4D8F-BC13-EA1507C7EF29} = {7881B112-7843-4542-B1F7-F99553FB9BB7}
		{E9253D76-D037-4C53-9B91-EC6EB7EE1A2C} = {7881B112-7843-4542-B1F7-F99553FB9BB7}
		{9978B382-0BCD-4621-B6B5-52E0E3B5F464} = {7881B112-7843-4542-B1F7-F99553FB9BB7}
		{6216A5CA-8599-4B53-8E70-F21CC6D4273C} = {7881B112-7843-4542-B1F7-F99553FB9BB7}
		{140FCD6F-077F-432D-A9E4-0D63B5DACD93} = {E4ACA93B-D3DE-4557-B069-F1DB42925A4B}
		{8400DA16-1F46-4A31-A126-BBE16F62BFD7} = {E4ACA93B-D3DE-4557-B069-F1DB42925A4B}
		{ACE47E98-488C-4CDF-B9F1-36337B2855AD} = {E4ACA93B-D3DE-4557-B069-F1DB42925A4B}
	EndGlobalSection
	GlobalSection(NDepend) = preSolution
		Project = ".\NopCommerce.ndproj"
	EndGlobalSection
EndGlobal
